
Microsoft Visual Studio Solution File, Format Version 12.00
# Visual Studio Version 17
VisualStudioVersion = 17.2.32516.85
MinimumVisualStudioVersion = 10.0.40219.1
Project("{FAE04EC0-301F-11D3-BF4B-00C04F79EFBC}") = "Ceremonic", "Ceremonic\Ceremonic.csproj", "{B0BA6A33-CBE7-4583-9D84-5AF9A73B6E59}"
EndProject
Global
	GlobalSection(SolutionConfigurationPlatforms) = preSolution
		Debug|Any CPU = Debug|Any CPU
		Release|Any CPU = Release|Any CPU
	EndGlobalSection
	GlobalSection(ProjectConfigurationPlatforms) = postSolution
		{B0BA6A33-CBE7-4583-9D84-5AF9A73B6E59}.Debug|Any CPU.ActiveCfg = Debug|Any CPU
		{B0BA6A33-CBE7-4583-9D84-5AF9A73B6E59}.Debug|Any CPU.Build.0 = Debug|Any CPU
		{B0BA6A33-CBE7-4583-9D84-5AF9A73B6E59}.Release|Any CPU.ActiveCfg = Release|Any CPU
		{B0BA6A33-CBE7-4583-9D84-5AF9A73B6E59}.Release|Any CPU.Build.0 = Release|Any CPU
	EndGlobalSection
	GlobalSection(SolutionProperties) = preSolution
		HideSolutionNode = FALSE
	EndGlobalSection
	GlobalSection(ExtensibilityGlobals) = postSolution
		SolutionGuid = {5677B6E4-BED9-4632-9B25-30D1373FBB13}
	EndGlobalSection
EndGlobal
